
Microsoft Visual Studio Solution File, Format Version 12.00
# Visual Studio 15
VisualStudioVersion = 15.0.28307.1758
MinimumVisualStudioVersion = 10.0.40219.1
Project("{FAE04EC0-301F-11D3-BF4B-00C04F79EFBC}") = "Interface", "Interface\Interface.csproj", "{7BA1AEAB-3A1E-45A8-BE0E-59C5351425DE}"
EndProject
Project("{FAE04EC0-301F-11D3-BF4B-00C04F79EFBC}") = "Business", "Business\Business.csproj", "{C9ED5835-1BD2-4B8C-80AA-0C199A98164F}"
EndProject
Project("{FAE04EC0-301F-11D3-BF4B-00C04F79EFBC}") = "Database", "Database\Database.csproj", "{4337D53F-E68F-4733-A7AC-08611087B321}"
EndProject
Global
	GlobalSection(SolutionConfigurationPlatforms) = preSolution
		Debug|Any CPU = Debug|Any CPU
		Release|Any CPU = Release|Any CPU
	EndGlobalSection
	GlobalSection(ProjectConfigurationPlatforms) = postSolution
		{7BA1AEAB-3A1E-45A8-BE0E-59C5351425DE}.Debug|Any CPU.ActiveCfg = Debug|Any CPU
		{7BA1AEAB-3A1E-45A8-BE0E-59C5351425DE}.Debug|Any CPU.Build.0 = Debug|Any CPU
		{7BA1AEAB-3A1E-45A8-BE0E-59C5351425DE}.Release|Any CPU.ActiveCfg = Release|Any CPU
		{7BA1AEAB-3A1E-45A8-BE0E-59C5351425DE}.Release|Any CPU.Build.0 = Release|Any CPU
		{C9ED5835-1BD2-4B8C-80AA-0C199A98164F}.Debug|Any CPU.ActiveCfg = Debug|Any CPU
		{C9ED5835-1BD2-4B8C-80AA-0C199A98164F}.Debug|Any CPU.Build.0 = Debug|Any CPU
		{C9ED5835-1BD2-4B8C-80AA-0C199A98164F}.Release|Any CPU.ActiveCfg = Release|Any CPU
		{C9ED5835-1BD2-4B8C-80AA-0C199A98164F}.Release|Any CPU.Build.0 = Release|Any CPU
		{4337D53F-E68F-4733-A7AC-08611087B321}.Debug|Any CPU.ActiveCfg = Debug|Any CPU
		{4337D53F-E68F-4733-A7AC-08611087B321}.Debug|Any CPU.Build.0 = Debug|Any CPU
		{4337D53F-E68F-4733-A7AC-08611087B321}.Release|Any CPU.ActiveCfg = Release|Any CPU
		{4337D53F-E68F-4733-A7AC-08611087B321}.Release|Any CPU.Build.0 = Release|Any CPU
	EndGlobalSection
	GlobalSection(SolutionProperties) = preSolution
		HideSolutionNode = FALSE
	EndGlobalSection
	GlobalSection(ExtensibilityGlobals) = postSolution
		SolutionGuid = {BE6F43BD-045F-48BE-A340-F1A345F4A0E4}
	EndGlobalSection
EndGlobal
